
Microsoft Visual Studio Solution File, Format Version 12.00
# Visual Studio Version 16
VisualStudioVersion = 16.0.31005.135
MinimumVisualStudioVersion = 10.0.40219.1
Project("{FAE04EC0-301F-11D3-BF4B-00C04F79EFBC}") = "Core", "Core\Core.csproj", "{51EBB12C-681B-4A0D-851A-57CC2D52C59B}"
EndProject
Project("{FAE04EC0-301F-11D3-BF4B-00C04F79EFBC}") = "Entities", "Entities\Entities.csproj", "{1454E627-A055-4D55-B447-23EA9F706E81}"
EndProject
Project("{FAE04EC0-301F-11D3-BF4B-00C04F79EFBC}") = "DataAccess", "DataAccess\DataAccess.csproj", "{45B9F241-EF84-4BE3-AC70-600F3FF776B2}"
EndProject
Project("{FAE04EC0-301F-11D3-BF4B-00C04F79EFBC}") = "Business", "Business\Business.csproj", "{AD6B15FB-17A0-4D43-9936-30FCB729D31E}"
EndProject
Project("{FAE04EC0-301F-11D3-BF4B-00C04F79EFBC}") = "NotebookForm", "NotebookForm\NotebookForm.csproj", "{4E6CFAF5-FE00-41EF-9331-C8AC9C0AFB67}"
EndProject
Global
	GlobalSection(SolutionConfigurationPlatforms) = preSolution
		Debug|Any CPU = Debug|Any CPU
		Release|Any CPU = Release|Any CPU
	EndGlobalSection
	GlobalSection(ProjectConfigurationPlatforms) = postSolution
		{51EBB12C-681B-4A0D-851A-57CC2D52C59B}.Debug|Any CPU.ActiveCfg = Debug|Any CPU
		{51EBB12C-681B-4A0D-851A-57CC2D52C59B}.Debug|Any CPU.Build.0 = Debug|Any CPU
		{51EBB12C-681B-4A0D-851A-57CC2D52C59B}.Release|Any CPU.ActiveCfg = Release|Any CPU
		{51EBB12C-681B-4A0D-851A-57CC2D52C59B}.Release|Any CPU.Build.0 = Release|Any CPU
		{1454E627-A055-4D55-B447-23EA9F706E81}.Debug|Any CPU.ActiveCfg = Debug|Any CPU
		{1454E627-A055-4D55-B447-23EA9F706E81}.Debug|Any CPU.Build.0 = Debug|Any CPU
		{1454E627-A055-4D55-B447-23EA9F706E81}.Release|Any CPU.ActiveCfg = Release|Any CPU
		{1454E627-A055-4D55-B447-23EA9F706E81}.Release|Any CPU.Build.0 = Release|Any CPU
		{45B9F241-EF84-4BE3-AC70-600F3FF776B2}.Debug|Any CPU.ActiveCfg = Debug|Any CPU
		{45B9F241-EF84-4BE3-AC70-600F3FF776B2}.Debug|Any CPU.Build.0 = Debug|Any CPU
		{45B9F241-EF84-4BE3-AC70-600F3FF776B2}.Release|Any CPU.ActiveCfg = Release|Any CPU
		{45B9F241-EF84-4BE3-AC70-600F3FF776B2}.Release|Any CPU.Build.0 = Release|Any CPU
		{AD6B15FB-17A0-4D43-9936-30FCB729D31E}.Debug|Any CPU.ActiveCfg = Debug|Any CPU
		{AD6B15FB-17A0-4D43-9936-30FCB729D31E}.Debug|Any CPU.Build.0 = Debug|Any CPU
		{AD6B15FB-17A0-4D43-9936-30FCB729D31E}.Release|Any CPU.ActiveCfg = Release|Any CPU
		{AD6B15FB-17A0-4D43-9936-30FCB729D31E}.Release|Any CPU.Build.0 = Release|Any CPU
		{4E6CFAF5-FE00-41EF-9331-C8AC9C0AFB67}.Debug|Any CPU.ActiveCfg = Debug|Any CPU
		{4E6CFAF5-FE00-41EF-9331-C8AC9C0AFB67}.Debug|Any CPU.Build.0 = Debug|Any CPU
		{4E6CFAF5-FE00-41EF-9331-C8AC9C0AFB67}.Release|Any CPU.ActiveCfg = Release|Any CPU
		{4E6CFAF5-FE00-41EF-9331-C8AC9C0AFB67}.Release|Any CPU.Build.0 = Release|Any CPU
	EndGlobalSection
	GlobalSection(SolutionProperties) = preSolution
		HideSolutionNode = FALSE
	EndGlobalSection
	GlobalSection(ExtensibilityGlobals) = postSolution
		SolutionGuid = {E1EE92FB-DC31-417C-8038-C465FCD35F23}
	EndGlobalSection
EndGlobal
